
Microsoft Visual Studio Solution File, Format Version 12.00
# Visual Studio Version 17
VisualStudioVersion = 17.14.36518.9
MinimumVisualStudioVersion = 10.0.40219.1
Project("{8BC9CEB8-8B4A-11D0-8D11-00A0C91BC942}") = "OS12_COM", "OS12_COM\OS12_COM.vcxproj", "{CECC77E7-5E63-4F58-93C6-C8F35831D934}"
EndProject
Project("{8BC9CEB8-8B4A-11D0-8D11-00A0C91BC942}") = "OS12_02", "OS12_02\OS12_02.vcxproj", "{7DCFFDBE-CC08-45DD-8E1C-80962E3B34B3}"
EndProject
Project("{8BC9CEB8-8B4A-11D0-8D11-00A0C91BC942}") = "OS12_LIB", "OS12_LIB\OS12_LIB.vcxproj", "{992FA7A1-1D1D-4820-90B8-F01C303442C5}"
EndProject
Project("{8BC9CEB8-8B4A-11D0-8D11-00A0C91BC942}") = "OS12_04", "OS12_04\OS12_04.vcxproj", "{97E0044D-FC28-44DD-B901-D74A2484C2B5}"
EndProject
Global
	GlobalSection(SolutionConfigurationPlatforms) = preSolution
		Debug|x64 = Debug|x64
		Debug|x86 = Debug|x86
		Release|x64 = Release|x64
		Release|x86 = Release|x86
	EndGlobalSection
	GlobalSection(ProjectConfigurationPlatforms) = postSolution
		{CECC77E7-5E63-4F58-93C6-C8F35831D934}.Debug|x64.ActiveCfg = Debug|x64
		{CECC77E7-5E63-4F58-93C6-C8F35831D934}.Debug|x64.Build.0 = Debug|x64
		{CECC77E7-5E63-4F58-93C6-C8F35831D934}.Debug|x86.ActiveCfg = Debug|Win32
		{CECC77E7-5E63-4F58-93C6-C8F35831D934}.Debug|x86.Build.0 = Debug|Win32
		{CECC77E7-5E63-4F58-93C6-C8F35831D934}.Release|x64.ActiveCfg = Release|x64
		{CECC77E7-5E63-4F58-93C6-C8F35831D934}.Release|x64.Build.0 = Release|x64
		{CECC77E7-5E63-4F58-93C6-C8F35831D934}.Release|x86.ActiveCfg = Release|Win32
		{CECC77E7-5E63-4F58-93C6-C8F35831D934}.Release|x86.Build.0 = Release|Win32
		{7DCFFDBE-CC08-45DD-8E1C-80962E3B34B3}.Debug|x64.ActiveCfg = Debug|x64
		{7DCFFDBE-CC08-45DD-8E1C-80962E3B34B3}.Debug|x64.Build.0 = Debug|x64
		{7DCFFDBE-CC08-45DD-8E1C-80962E3B34B3}.Debug|x86.ActiveCfg = Debug|Win32
		{7DCFFDBE-CC08-45DD-8E1C-80962E3B34B3}.Debug|x86.Build.0 = Debug|Win32
		{7DCFFDBE-CC08-45DD-8E1C-80962E3B34B3}.Release|x64.ActiveCfg = Release|x64
		{7DCFFDBE-CC08-45DD-8E1C-80962E3B34B3}.Release|x64.Build.0 = Release|x64
		{7DCFFDBE-CC08-45DD-8E1C-80962E3B34B3}.Release|x86.ActiveCfg = Release|Win32
		{7DCFFDBE-CC08-45DD-8E1C-80962E3B34B3}.Release|x86.Build.0 = Release|Win32
		{992FA7A1-1D1D-4820-90B8-F01C303442C5}.Debug|x64.ActiveCfg = Debug|x64
		{992FA7A1-1D1D-4820-90B8-F01C303442C5}.Debug|x64.Build.0 = Debug|x64
		{992FA7A1-1D1D-4820-90B8-F01C303442C5}.Debug|x86.ActiveCfg = Debug|Win32
		{992FA7A1-1D1D-4820-90B8-F01C303442C5}.Debug|x86.Build.0 = Debug|Win32
		{992FA7A1-1D1D-4820-90B8-F01C303442C5}.Release|x64.ActiveCfg = Release|x64
		{992FA7A1-1D1D-4820-90B8-F01C303442C5}.Release|x64.Build.0 = Release|x64
		{992FA7A1-1D1D-4820-90B8-F01C303442C5}.Release|x86.ActiveCfg = Release|Win32
		{992FA7A1-1D1D-4820-90B8-F01C303442C5}.Release|x86.Build.0 = Release|Win32
		{97E0044D-FC28-44DD-B901-D74A2484C2B5}.Debug|x64.ActiveCfg = Debug|x64
		{97E0044D-FC28-44DD-B901-D74A2484C2B5}.Debug|x64.Build.0 = Debug|x64
		{97E0044D-FC28-44DD-B901-D74A2484C2B5}.Debug|x86.ActiveCfg = Debug|Win32
		{97E0044D-FC28-44DD-B901-D74A2484C2B5}.Debug|x86.Build.0 = Debug|Win32
		{97E0044D-FC28-44DD-B901-D74A2484C2B5}.Release|x64.ActiveCfg = Release|x64
		{97E0044D-FC28-44DD-B901-D74A2484C2B5}.Release|x64.Build.0 = Release|x64
		{97E0044D-FC28-44DD-B901-D74A2484C2B5}.Release|x86.ActiveCfg = Release|Win32
		{97E0044D-FC28-44DD-B901-D74A2484C2B5}.Release|x86.Build.0 = Release|Win32
	EndGlobalSection
	GlobalSection(SolutionProperties) = preSolution
		HideSolutionNode = FALSE
	EndGlobalSection
	GlobalSection(ExtensibilityGlobals) = postSolution
		SolutionGuid = {53C07279-C1AB-4D11-8037-19EDB2808BE8}
	EndGlobalSection
EndGlobal
